
Microsoft Visual Studio Solution File, Format Version 12.00
# Visual Studio 15
Project("{FAE04EC0-301F-11D3-BF4B-00C04F79EFBC}") = "UnityEngine.TestRunner", "UnityEngine.TestRunner.csproj", "{BB365AA9-CF9F-F5D6-9248-FAC862B1AB66}"
EndProject
Project("{FAE04EC0-301F-11D3-BF4B-00C04F79EFBC}") = "Unity.Mathematics", "Unity.Mathematics.csproj", "{45C62336-D6FB-82CD-6CFC-896B1E59376C}"
EndProject
Project("{FAE04EC0-301F-11D3-BF4B-00C04F79EFBC}") = "Unity.2D.Animation.Triangle.Runtime", "Unity.2D.Animation.Triangle.Runtime.csproj", "{6ED29430-59B6-F966-3F33-EED1D7194FFF}"
EndProject
Project("{FAE04EC0-301F-11D3-BF4B-00C04F79EFBC}") = "Unity.Timeline", "Unity.Timeline.csproj", "{615F05BD-9DCD-BDBC-416C-905C3322BCA8}"
EndProject
Project("{FAE04EC0-301F-11D3-BF4B-00C04F79EFBC}") = "UnityEngine.UI", "UnityEngine.UI.csproj", "{1CC3FF7D-8F40-570A-1E8B-5B0B4735DF4D}"
EndProject
Project("{FAE04EC0-301F-11D3-BF4B-00C04F79EFBC}") = "Unity.TextMeshPro", "Unity.TextMeshPro.csproj", "{3C89CC69-B013-8D4D-240E-393F4D9F33A1}"
EndProject
Project("{FAE04EC0-301F-11D3-BF4B-00C04F79EFBC}") = "Unity.2D.Animation.Runtime", "Unity.2D.Animation.Runtime.csproj", "{C12F2297-04F8-D8F6-1529-D251A6C5A30C}"
EndProject
Project("{FAE04EC0-301F-11D3-BF4B-00C04F79EFBC}") = "Unity.2D.IK.Runtime", "Unity.2D.IK.Runtime.csproj", "{1A45EB17-1672-4C91-EBC1-5AE58F72490B}"
EndProject
Project("{FAE04EC0-301F-11D3-BF4B-00C04F79EFBC}") = "Unity.2D.SpriteShape.Runtime", "Unity.2D.SpriteShape.Runtime.csproj", "{805CB717-10AC-2505-6D0C-09D3E2B4E393}"
EndProject
Project("{FAE04EC0-301F-11D3-BF4B-00C04F79EFBC}") = "Assembly-CSharp", "Assembly-CSharp.csproj", "{F4B07390-086F-AE59-EAED-68E6C97C0B3E}"
EndProject
Project("{FAE04EC0-301F-11D3-BF4B-00C04F79EFBC}") = "Unity.2D.PixelPerfect", "Unity.2D.PixelPerfect.csproj", "{B1F09BA7-608D-6A7D-78AC-69DB1D41D81D}"
EndProject
Project("{FAE04EC0-301F-11D3-BF4B-00C04F79EFBC}") = "Unity.2D.Common.Runtime", "Unity.2D.Common.Runtime.csproj", "{894AEA29-643A-19C4-A5CF-AE8472AE8E56}"
EndProject
Project("{FAE04EC0-301F-11D3-BF4B-00C04F79EFBC}") = "Unity.InternalAPIEngineBridge.001", "Unity.InternalAPIEngineBridge.001.csproj", "{A485B856-1755-3281-3EC2-3693389FA601}"
EndProject
Project("{FAE04EC0-301F-11D3-BF4B-00C04F79EFBC}") = "UnityEditor.TestRunner", "UnityEditor.TestRunner.csproj", "{F152C46D-A3DB-BCD4-A8F0-D0F2A9261729}"
EndProject
Project("{FAE04EC0-301F-11D3-BF4B-00C04F79EFBC}") = "UnityEditor.UI", "UnityEditor.UI.csproj", "{7EFAC225-9254-AF77-F5BC-DD5BCB4FCE39}"
EndProject
Project("{FAE04EC0-301F-11D3-BF4B-00C04F79EFBC}") = "Unity.Timeline.Editor", "Unity.Timeline.Editor.csproj", "{8E0CCA31-855D-2983-97AE-4BA688EFEE5D}"
EndProject
Project("{FAE04EC0-301F-11D3-BF4B-00C04F79EFBC}") = "Unity.VisualStudio.Editor", "Unity.VisualStudio.Editor.csproj", "{83CB984D-3849-8ADD-627A-939555D4698F}"
EndProject
Project("{FAE04EC0-301F-11D3-BF4B-00C04F79EFBC}") = "Unity.2D.Psdimporter.Editor", "Unity.2D.Psdimporter.Editor.csproj", "{3FED04EC-55D1-0387-2F9A-7477F5434D0A}"
EndProject
Project("{FAE04EC0-301F-11D3-BF4B-00C04F79EFBC}") = "Unity.2D.Animation.Editor", "Unity.2D.Animation.Editor.csproj", "{4A7190F0-E71E-5289-0DCE-19AB7AC50025}"
EndProject
Project("{FAE04EC0-301F-11D3-BF4B-00C04F79EFBC}") = "Unity.TextMeshPro.Editor", "Unity.TextMeshPro.Editor.csproj", "{5FA47F13-2960-2457-4E33-C5EA05702C71}"
EndProject
Project("{FAE04EC0-301F-11D3-BF4B-00C04F79EFBC}") = "Unity.2D.SpriteShape.Editor", "Unity.2D.SpriteShape.Editor.csproj", "{1EA15FC9-648A-E5E1-08DC-5818FAC69F0C}"
EndProject
Project("{FAE04EC0-301F-11D3-BF4B-00C04F79EFBC}") = "Unity.CollabProxy.Editor", "Unity.CollabProxy.Editor.csproj", "{42D75528-9081-B145-ED52-66A61C2A078D}"
EndProject
Project("{FAE04EC0-301F-11D3-BF4B-00C04F79EFBC}") = "PsdPlugin", "PsdPlugin.csproj", "{8904A5A5-8F22-2A83-7337-8DCAC562D0B3}"
EndProject
Project("{FAE04EC0-301F-11D3-BF4B-00C04F79EFBC}") = "Unity.2D.Path.Editor", "Unity.2D.Path.Editor.csproj", "{CAB4AB1B-78A7-CB7D-FC05-ECFDAEF33AAD}"
EndProject
Project("{FAE04EC0-301F-11D3-BF4B-00C04F79EFBC}") = "Unity.Rider.Editor", "Unity.Rider.Editor.csproj", "{B59169B8-A66A-D32E-BFDD-201426D45BAC}"
EndProject
Project("{FAE04EC0-301F-11D3-BF4B-00C04F79EFBC}") = "Unity.2D.IK.Editor", "Unity.2D.IK.Editor.csproj", "{07F83411-1236-3017-770E-B42653B77409}"
EndProject
Project("{FAE04EC0-301F-11D3-BF4B-00C04F79EFBC}") = "Unity.2D.Sprite.Editor", "Unity.2D.Sprite.Editor.csproj", "{1D1E2384-AF3A-99A5-0913-693C6CDE90D5}"
EndProject
Project("{FAE04EC0-301F-11D3-BF4B-00C04F79EFBC}") = "Unity.2D.Tilemap.Editor", "Unity.2D.Tilemap.Editor.csproj", "{33DFEFD5-6C30-A252-7D2F-F4928829A454}"
EndProject
Project("{FAE04EC0-301F-11D3-BF4B-00C04F79EFBC}") = "Unity.2D.PixelPerfect.Editor", "Unity.2D.PixelPerfect.Editor.csproj", "{02B14219-185A-3337-F270-82B8D8904482}"
EndProject
Project("{FAE04EC0-301F-11D3-BF4B-00C04F79EFBC}") = "Unity.VSCode.Editor", "Unity.VSCode.Editor.csproj", "{7A02F6F5-4457-7A7A-8DF8-19384AE1BE76}"
EndProject
Project("{FAE04EC0-301F-11D3-BF4B-00C04F79EFBC}") = "Unity.2D.Common.Editor", "Unity.2D.Common.Editor.csproj", "{FE79F511-EE1A-2788-4FBE-D6B169B98329}"
EndProject
Project("{FAE04EC0-301F-11D3-BF4B-00C04F79EFBC}") = "Unity.Mathematics.Editor", "Unity.Mathematics.Editor.csproj", "{2F5DE9EA-E56E-DB3A-FA95-06AE774F60F1}"
EndProject
Project("{FAE04EC0-301F-11D3-BF4B-00C04F79EFBC}") = "Unity.InternalAPIEditorBridge.001", "Unity.InternalAPIEditorBridge.001.csproj", "{C896B52C-DD05-1DB7-BDBA-46D531FBAA76}"
EndProject
Project("{FAE04EC0-301F-11D3-BF4B-00C04F79EFBC}") = "UnityEngine.TestRunner", "UnityEngine.TestRunner.Player.csproj", "{06EAF9EA-82DF-8E87-6B17-906F37218C87}"
EndProject
Project("{FAE04EC0-301F-11D3-BF4B-00C04F79EFBC}") = "Unity.Mathematics", "Unity.Mathematics.Player.csproj", "{843B8E6B-3C5C-F56B-9C9D-7EC8804D24F5}"
EndProject
Project("{FAE04EC0-301F-11D3-BF4B-00C04F79EFBC}") = "Unity.2D.Animation.Triangle.Runtime", "Unity.2D.Animation.Triangle.Runtime.Player.csproj", "{1556045B-1BED-C3F9-9F94-CBB04D1E5820}"
EndProject
Project("{FAE04EC0-301F-11D3-BF4B-00C04F79EFBC}") = "Unity.Timeline", "Unity.Timeline.Player.csproj", "{4DB30D58-0EC9-FCFB-2560-1E3B07222171}"
EndProject
Project("{FAE04EC0-301F-11D3-BF4B-00C04F79EFBC}") = "UnityEngine.UI", "UnityEngine.UI.Player.csproj", "{AF00CEDB-A347-27D1-902F-FD1E3F186F01}"
EndProject
Project("{FAE04EC0-301F-11D3-BF4B-00C04F79EFBC}") = "Unity.TextMeshPro", "Unity.TextMeshPro.Player.csproj", "{C69B056B-9CF8-5B2E-0EE6-FCE41922534D}"
EndProject
Project("{FAE04EC0-301F-11D3-BF4B-00C04F79EFBC}") = "Unity.2D.Animation.Runtime", "Unity.2D.Animation.Runtime.Player.csproj", "{86B8289C-1057-4292-98A1-503BF8668FDE}"
EndProject
Project("{FAE04EC0-301F-11D3-BF4B-00C04F79EFBC}") = "Unity.2D.IK.Runtime", "Unity.2D.IK.Runtime.Player.csproj", "{C76EFF98-5115-BEED-46BD-ADA67232D792}"
EndProject
Project("{FAE04EC0-301F-11D3-BF4B-00C04F79EFBC}") = "Unity.2D.SpriteShape.Runtime", "Unity.2D.SpriteShape.Runtime.Player.csproj", "{80C6271E-AF91-F3E6-9933-301E0654B860}"
EndProject
Project("{FAE04EC0-301F-11D3-BF4B-00C04F79EFBC}") = "Assembly-CSharp", "Assembly-CSharp.Player.csproj", "{0DA6E3C4-8CDB-F9C4-92AC-79FB63828ADF}"
EndProject
Project("{FAE04EC0-301F-11D3-BF4B-00C04F79EFBC}") = "Unity.2D.PixelPerfect", "Unity.2D.PixelPerfect.Player.csproj", "{F19BADDD-1469-B6EA-3932-5FB5BEF6B23A}"
EndProject
Project("{FAE04EC0-301F-11D3-BF4B-00C04F79EFBC}") = "Unity.2D.Common.Runtime", "Unity.2D.Common.Runtime.Player.csproj", "{0DD9E481-0A4F-6A9F-51F2-5D5A754CFC6B}"
EndProject
Project("{FAE04EC0-301F-11D3-BF4B-00C04F79EFBC}") = "Unity.InternalAPIEngineBridge.001", "Unity.InternalAPIEngineBridge.001.Player.csproj", "{7C9984C7-BB56-EDC2-6235-EB551F66140D}"
EndProject
Global
	GlobalSection(SolutionConfigurationPlatforms) = preSolution
		Debug|Any CPU = Debug|Any CPU
		Release|Any CPU = Release|Any CPU
	EndGlobalSection
	GlobalSection(ProjectConfigurationPlatforms) = postSolution
		{BB365AA9-CF9F-F5D6-9248-FAC862B1AB66}.Debug|Any CPU.ActiveCfg = Debug|Any CPU
		{BB365AA9-CF9F-F5D6-9248-FAC862B1AB66}.Debug|Any CPU.Build.0 = Debug|Any CPU
		{BB365AA9-CF9F-F5D6-9248-FAC862B1AB66}.Release|Any CPU.ActiveCfg = Release|Any CPU
		{BB365AA9-CF9F-F5D6-9248-FAC862B1AB66}.Release|Any CPU.Build.0 = Release|Any CPU
		{45C62336-D6FB-82CD-6CFC-896B1E59376C}.Debug|Any CPU.ActiveCfg = Debug|Any CPU
		{45C62336-D6FB-82CD-6CFC-896B1E59376C}.Debug|Any CPU.Build.0 = Debug|Any CPU
		{45C62336-D6FB-82CD-6CFC-896B1E59376C}.Release|Any CPU.ActiveCfg = Release|Any CPU
		{45C62336-D6FB-82CD-6CFC-896B1E59376C}.Release|Any CPU.Build.0 = Release|Any CPU
		{6ED29430-59B6-F966-3F33-EED1D7194FFF}.Debug|Any CPU.ActiveCfg = Debug|Any CPU
		{6ED29430-59B6-F966-3F33-EED1D7194FFF}.Debug|Any CPU.Build.0 = Debug|Any CPU
		{6ED29430-59B6-F966-3F33-EED1D7194FFF}.Release|Any CPU.ActiveCfg = Release|Any CPU
		{6ED29430-59B6-F966-3F33-EED1D7194FFF}.Release|Any CPU.Build.0 = Release|Any CPU
		{615F05BD-9DCD-BDBC-416C-905C3322BCA8}.Debug|Any CPU.ActiveCfg = Debug|Any CPU
		{615F05BD-9DCD-BDBC-416C-905C3322BCA8}.Debug|Any CPU.Build.0 = Debug|Any CPU
		{615F05BD-9DCD-BDBC-416C-905C3322BCA8}.Release|Any CPU.ActiveCfg = Release|Any CPU
		{615F05BD-9DCD-BDBC-416C-905C3322BCA8}.Release|Any CPU.Build.0 = Release|Any CPU
		{1CC3FF7D-8F40-570A-1E8B-5B0B4735DF4D}.Debug|Any CPU.ActiveCfg = Debug|Any CPU
		{1CC3FF7D-8F40-570A-1E8B-5B0B4735DF4D}.Debug|Any CPU.Build.0 = Debug|Any CPU
		{1CC3FF7D-8F40-570A-1E8B-5B0B4735DF4D}.Release|Any CPU.ActiveCfg = Release|Any CPU
		{1CC3FF7D-8F40-570A-1E8B-5B0B4735DF4D}.Release|Any CPU.Build.0 = Release|Any CPU
		{3C89CC69-B013-8D4D-240E-393F4D9F33A1}.Debug|Any CPU.ActiveCfg = Debug|Any CPU
		{3C89CC69-B013-8D4D-240E-393F4D9F33A1}.Debug|Any CPU.Build.0 = Debug|Any CPU
		{3C89CC69-B013-8D4D-240E-393F4D9F33A1}.Release|Any CPU.ActiveCfg = Release|Any CPU
		{3C89CC69-B013-8D4D-240E-393F4D9F33A1}.Release|Any CPU.Build.0 = Release|Any CPU
		{C12F2297-04F8-D8F6-1529-D251A6C5A30C}.Debug|Any CPU.ActiveCfg = Debug|Any CPU
		{C12F2297-04F8-D8F6-1529-D251A6C5A30C}.Debug|Any CPU.Build.0 = Debug|Any CPU
		{C12F2297-04F8-D8F6-1529-D251A6C5A30C}.Release|Any CPU.ActiveCfg = Release|Any CPU
		{C12F2297-04F8-D8F6-1529-D251A6C5A30C}.Release|Any CPU.Build.0 = Release|Any CPU
		{1A45EB17-1672-4C91-EBC1-5AE58F72490B}.Debug|Any CPU.ActiveCfg = Debug|Any CPU
		{1A45EB17-1672-4C91-EBC1-5AE58F72490B}.Debug|Any CPU.Build.0 = Debug|Any CPU
		{1A45EB17-1672-4C91-EBC1-5AE58F72490B}.Release|Any CPU.ActiveCfg = Release|Any CPU
		{1A45EB17-1672-4C91-EBC1-5AE58F72490B}.Release|Any CPU.Build.0 = Release|Any CPU
		{805CB717-10AC-2505-6D0C-09D3E2B4E393}.Debug|Any CPU.ActiveCfg = Debug|Any CPU
		{805CB717-10AC-2505-6D0C-09D3E2B4E393}.Debug|Any CPU.Build.0 = Debug|Any CPU
		{805CB717-10AC-2505-6D0C-09D3E2B4E393}.Release|Any CPU.ActiveCfg = Release|Any CPU
		{805CB717-10AC-2505-6D0C-09D3E2B4E393}.Release|Any CPU.Build.0 = Release|Any CPU
		{F4B07390-086F-AE59-EAED-68E6C97C0B3E}.Debug|Any CPU.ActiveCfg = Debug|Any CPU
		{F4B07390-086F-AE59-EAED-68E6C97C0B3E}.Debug|Any CPU.Build.0 = Debug|Any CPU
		{F4B07390-086F-AE59-EAED-68E6C97C0B3E}.Release|Any CPU.ActiveCfg = Release|Any CPU
		{F4B07390-086F-AE59-EAED-68E6C97C0B3E}.Release|Any CPU.Build.0 = Release|Any CPU
		{B1F09BA7-608D-6A7D-78AC-69DB1D41D81D}.Debug|Any CPU.ActiveCfg = Debug|Any CPU
		{B1F09BA7-608D-6A7D-78AC-69DB1D41D81D}.Debug|Any CPU.Build.0 = Debug|Any CPU
		{B1F09BA7-608D-6A7D-78AC-69DB1D41D81D}.Release|Any CPU.ActiveCfg = Release|Any CPU
		{B1F09BA7-608D-6A7D-78AC-69DB1D41D81D}.Release|Any CPU.Build.0 = Release|Any CPU
		{894AEA29-643A-19C4-A5CF-AE8472AE8E56}.Debug|Any CPU.ActiveCfg = Debug|Any CPU
		{894AEA29-643A-19C4-A5CF-AE8472AE8E56}.Debug|Any CPU.Build.0 = Debug|Any CPU
		{894AEA29-643A-19C4-A5CF-AE8472AE8E56}.Release|Any CPU.ActiveCfg = Release|Any CPU
		{894AEA29-643A-19C4-A5CF-AE8472AE8E56}.Release|Any CPU.Build.0 = Release|Any CPU
		{A485B856-1755-3281-3EC2-3693389FA601}.Debug|Any CPU.ActiveCfg = Debug|Any CPU
		{A485B856-1755-3281-3EC2-3693389FA601}.Debug|Any CPU.Build.0 = Debug|Any CPU
		{A485B856-1755-3281-3EC2-3693389FA601}.Release|Any CPU.ActiveCfg = Release|Any CPU
		{A485B856-1755-3281-3EC2-3693389FA601}.Release|Any CPU.Build.0 = Release|Any CPU
		{F152C46D-A3DB-BCD4-A8F0-D0F2A9261729}.Debug|Any CPU.ActiveCfg = Debug|Any CPU
		{F152C46D-A3DB-BCD4-A8F0-D0F2A9261729}.Debug|Any CPU.Build.0 = Debug|Any CPU
		{F152C46D-A3DB-BCD4-A8F0-D0F2A9261729}.Release|Any CPU.ActiveCfg = Release|Any CPU
		{F152C46D-A3DB-BCD4-A8F0-D0F2A9261729}.Release|Any CPU.Build.0 = Release|Any CPU
		{7EFAC225-9254-AF77-F5BC-DD5BCB4FCE39}.Debug|Any CPU.ActiveCfg = Debug|Any CPU
		{7EFAC225-9254-AF77-F5BC-DD5BCB4FCE39}.Debug|Any CPU.Build.0 = Debug|Any CPU
		{7EFAC225-9254-AF77-F5BC-DD5BCB4FCE39}.Release|Any CPU.ActiveCfg = Release|Any CPU
		{7EFAC225-9254-AF77-F5BC-DD5BCB4FCE39}.Release|Any CPU.Build.0 = Release|Any CPU
		{8E0CCA31-855D-2983-97AE-4BA688EFEE5D}.Debug|Any CPU.ActiveCfg = Debug|Any CPU
		{8E0CCA31-855D-2983-97AE-4BA688EFEE5D}.Debug|Any CPU.Build.0 = Debug|Any CPU
		{8E0CCA31-855D-2983-97AE-4BA688EFEE5D}.Release|Any CPU.ActiveCfg = Release|Any CPU
		{8E0CCA31-855D-2983-97AE-4BA688EFEE5D}.Release|Any CPU.Build.0 = Release|Any CPU
		{83CB984D-3849-8ADD-627A-939555D4698F}.Debug|Any CPU.ActiveCfg = Debug|Any CPU
		{83CB984D-3849-8ADD-627A-939555D4698F}.Debug|Any CPU.Build.0 = Debug|Any CPU
		{83CB984D-3849-8ADD-627A-939555D4698F}.Release|Any CPU.ActiveCfg = Release|Any CPU
		{83CB984D-3849-8ADD-627A-939555D4698F}.Release|Any CPU.Build.0 = Release|Any CPU
		{3FED04EC-55D1-0387-2F9A-7477F5434D0A}.Debug|Any CPU.ActiveCfg = Debug|Any CPU
		{3FED04EC-55D1-0387-2F9A-7477F5434D0A}.Debug|Any CPU.Build.0 = Debug|Any CPU
		{3FED04EC-55D1-0387-2F9A-7477F5434D0A}.Release|Any CPU.ActiveCfg = Release|Any CPU
		{3FED04EC-55D1-0387-2F9A-7477F5434D0A}.Release|Any CPU.Build.0 = Release|Any CPU
		{4A7190F0-E71E-5289-0DCE-19AB7AC50025}.Debug|Any CPU.ActiveCfg = Debug|Any CPU
		{4A7190F0-E71E-5289-0DCE-19AB7AC50025}.Debug|Any CPU.Build.0 = Debug|Any CPU
		{4A7190F0-E71E-5289-0DCE-19AB7AC50025}.Release|Any CPU.ActiveCfg = Release|Any CPU
		{4A7190F0-E71E-5289-0DCE-19AB7AC50025}.Release|Any CPU.Build.0 = Release|Any CPU
		{5FA47F13-2960-2457-4E33-C5EA05702C71}.Debug|Any CPU.ActiveCfg = Debug|Any CPU
		{5FA47F13-2960-2457-4E33-C5EA05702C71}.Debug|Any CPU.Build.0 = Debug|Any CPU
		{5FA47F13-2960-2457-4E33-C5EA05702C71}.Release|Any CPU.ActiveCfg = Release|Any CPU
		{5FA47F13-2960-2457-4E33-C5EA05702C71}.Release|Any CPU.Build.0 = Release|Any CPU
		{1EA15FC9-648A-E5E1-08DC-5818FAC69F0C}.Debug|Any CPU.ActiveCfg = Debug|Any CPU
		{1EA15FC9-648A-E5E1-08DC-5818FAC69F0C}.Debug|Any CPU.Build.0 = Debug|Any CPU
		{1EA15FC9-648A-E5E1-08DC-5818FAC69F0C}.Release|Any CPU.ActiveCfg = Release|Any CPU
		{1EA15FC9-648A-E5E1-08DC-5818FAC69F0C}.Release|Any CPU.Build.0 = Release|Any CPU
		{42D75528-9081-B145-ED52-66A61C2A078D}.Debug|Any CPU.ActiveCfg = Debug|Any CPU
		{42D75528-9081-B145-ED52-66A61C2A078D}.Debug|Any CPU.Build.0 = Debug|Any CPU
		{42D75528-9081-B145-ED52-66A61C2A078D}.Release|Any CPU.ActiveCfg = Release|Any CPU
		{42D75528-9081-B145-ED52-66A61C2A078D}.Release|Any CPU.Build.0 = Release|Any CPU
		{8904A5A5-8F22-2A83-7337-8DCAC562D0B3}.Debug|Any CPU.ActiveCfg = Debug|Any CPU
		{8904A5A5-8F22-2A83-7337-8DCAC562D0B3}.Debug|Any CPU.Build.0 = Debug|Any CPU
		{8904A5A5-8F22-2A83-7337-8DCAC562D0B3}.Release|Any CPU.ActiveCfg = Release|Any CPU
		{8904A5A5-8F22-2A83-7337-8DCAC562D0B3}.Release|Any CPU.Build.0 = Release|Any CPU
		{CAB4AB1B-78A7-CB7D-FC05-ECFDAEF33AAD}.Debug|Any CPU.ActiveCfg = Debug|Any CPU
		{CAB4AB1B-78A7-CB7D-FC05-ECFDAEF33AAD}.Debug|Any CPU.Build.0 = Debug|Any CPU
		{CAB4AB1B-78A7-CB7D-FC05-ECFDAEF33AAD}.Release|Any CPU.ActiveCfg = Release|Any CPU
		{CAB4AB1B-78A7-CB7D-FC05-ECFDAEF33AAD}.Release|Any CPU.Build.0 = Release|Any CPU
		{B59169B8-A66A-D32E-BFDD-201426D45BAC}.Debug|Any CPU.ActiveCfg = Debug|Any CPU
		{B59169B8-A66A-D32E-BFDD-201426D45BAC}.Debug|Any CPU.Build.0 = Debug|Any CPU
		{B59169B8-A66A-D32E-BFDD-201426D45BAC}.Release|Any CPU.ActiveCfg = Release|Any CPU
		{B59169B8-A66A-D32E-BFDD-201426D45BAC}.Release|Any CPU.Build.0 = Release|Any CPU
		{07F83411-1236-3017-770E-B42653B77409}.Debug|Any CPU.ActiveCfg = Debug|Any CPU
		{07F83411-1236-3017-770E-B42653B77409}.Debug|Any CPU.Build.0 = Debug|Any CPU
		{07F83411-1236-3017-770E-B42653B77409}.Release|Any CPU.ActiveCfg = Release|Any CPU
		{07F83411-1236-3017-770E-B42653B77409}.Release|Any CPU.Build.0 = Release|Any CPU
		{1D1E2384-AF3A-99A5-0913-693C6CDE90D5}.Debug|Any CPU.ActiveCfg = Debug|Any CPU
		{1D1E2384-AF3A-99A5-0913-693C6CDE90D5}.Debug|Any CPU.Build.0 = Debug|Any CPU
		{1D1E2384-AF3A-99A5-0913-693C6CDE90D5}.Release|Any CPU.ActiveCfg = Release|Any CPU
		{1D1E2384-AF3A-99A5-0913-693C6CDE90D5}.Release|Any CPU.Build.0 = Release|Any CPU
		{33DFEFD5-6C30-A252-7D2F-F4928829A454}.Debug|Any CPU.ActiveCfg = Debug|Any CPU
		{33DFEFD5-6C30-A252-7D2F-F4928829A454}.Debug|Any CPU.Build.0 = Debug|Any CPU
		{33DFEFD5-6C30-A252-7D2F-F4928829A454}.Release|Any CPU.ActiveCfg = Release|Any CPU
		{33DFEFD5-6C30-A252-7D2F-F4928829A454}.Release|Any CPU.Build.0 = Release|Any CPU
		{02B14219-185A-3337-F270-82B8D8904482}.Debug|Any CPU.ActiveCfg = Debug|Any CPU
		{02B14219-185A-3337-F270-82B8D8904482}.Debug|Any CPU.Build.0 = Debug|Any CPU
		{02B14219-185A-3337-F270-82B8D8904482}.Release|Any CPU.ActiveCfg = Release|Any CPU
		{02B14219-185A-3337-F270-82B8D8904482}.Release|Any CPU.Build.0 = Release|Any CPU
		{7A02F6F5-4457-7A7A-8DF8-19384AE1BE76}.Debug|Any CPU.ActiveCfg = Debug|Any CPU
		{7A02F6F5-4457-7A7A-8DF8-19384AE1BE76}.Debug|Any CPU.Build.0 = Debug|Any CPU
		{7A02F6F5-4457-7A7A-8DF8-19384AE1BE76}.Release|Any CPU.ActiveCfg = Release|Any CPU
		{7A02F6F5-4457-7A7A-8DF8-19384AE1BE76}.Release|Any CPU.Build.0 = Release|Any CPU
		{FE79F511-EE1A-2788-4FBE-D6B169B98329}.Debug|Any CPU.ActiveCfg = Debug|Any CPU
		{FE79F511-EE1A-2788-4FBE-D6B169B98329}.Debug|Any CPU.Build.0 = Debug|Any CPU
		{FE79F511-EE1A-2788-4FBE-D6B169B98329}.Release|Any CPU.ActiveCfg = Release|Any CPU
		{FE79F511-EE1A-2788-4FBE-D6B169B98329}.Release|Any CPU.Build.0 = Release|Any CPU
		{2F5DE9EA-E56E-DB3A-FA95-06AE774F60F1}.Debug|Any CPU.ActiveCfg = Debug|Any CPU
		{2F5DE9EA-E56E-DB3A-FA95-06AE774F60F1}.Debug|Any CPU.Build.0 = Debug|Any CPU
		{2F5DE9EA-E56E-DB3A-FA95-06AE774F60F1}.Release|Any CPU.ActiveCfg = Release|Any CPU
		{2F5DE9EA-E56E-DB3A-FA95-06AE774F60F1}.Release|Any CPU.Build.0 = Release|Any CPU
		{C896B52C-DD05-1DB7-BDBA-46D531FBAA76}.Debug|Any CPU.ActiveCfg = Debug|Any CPU
		{C896B52C-DD05-1DB7-BDBA-46D531FBAA76}.Debug|Any CPU.Build.0 = Debug|Any CPU
		{C896B52C-DD05-1DB7-BDBA-46D531FBAA76}.Release|Any CPU.ActiveCfg = Release|Any CPU
		{C896B52C-DD05-1DB7-BDBA-46D531FBAA76}.Release|Any CPU.Build.0 = Release|Any CPU
		{06EAF9EA-82DF-8E87-6B17-906F37218C87}.Debug|Any CPU.ActiveCfg = Debug|Any CPU
		{06EAF9EA-82DF-8E87-6B17-906F37218C87}.Debug|Any CPU.Build.0 = Debug|Any CPU
		{06EAF9EA-82DF-8E87-6B17-906F37218C87}.Release|Any CPU.ActiveCfg = Release|Any CPU
		{06EAF9EA-82DF-8E87-6B17-906F37218C87}.Release|Any CPU.Build.0 = Release|Any CPU
		{843B8E6B-3C5C-F56B-9C9D-7EC8804D24F5}.Debug|Any CPU.ActiveCfg = Debug|Any CPU
		{843B8E6B-3C5C-F56B-9C9D-7EC8804D24F5}.Debug|Any CPU.Build.0 = Debug|Any CPU
		{843B8E6B-3C5C-F56B-9C9D-7EC8804D24F5}.Release|Any CPU.ActiveCfg = Release|Any CPU
		{843B8E6B-3C5C-F56B-9C9D-7EC8804D24F5}.Release|Any CPU.Build.0 = Release|Any CPU
		{1556045B-1BED-C3F9-9F94-CBB04D1E5820}.Debug|Any CPU.ActiveCfg = Debug|Any CPU
		{1556045B-1BED-C3F9-9F94-CBB04D1E5820}.Debug|Any CPU.Build.0 = Debug|Any CPU
		{1556045B-1BED-C3F9-9F94-CBB04D1E5820}.Release|Any CPU.ActiveCfg = Release|Any CPU
		{1556045B-1BED-C3F9-9F94-CBB04D1E5820}.Release|Any CPU.Build.0 = Release|Any CPU
		{4DB30D58-0EC9-FCFB-2560-1E3B07222171}.Debug|Any CPU.ActiveCfg = Debug|Any CPU
		{4DB30D58-0EC9-FCFB-2560-1E3B07222171}.Debug|Any CPU.Build.0 = Debug|Any CPU
		{4DB30D58-0EC9-FCFB-2560-1E3B07222171}.Release|Any CPU.ActiveCfg = Release|Any CPU
		{4DB30D58-0EC9-FCFB-2560-1E3B07222171}.Release|Any CPU.Build.0 = Release|Any CPU
		{AF00CEDB-A347-27D1-902F-FD1E3F186F01}.Debug|Any CPU.ActiveCfg = Debug|Any CPU
		{AF00CEDB-A347-27D1-902F-FD1E3F186F01}.Debug|Any CPU.Build.0 = Debug|Any CPU
		{AF00CEDB-A347-27D1-902F-FD1E3F186F01}.Release|Any CPU.ActiveCfg = Release|Any CPU
		{AF00CEDB-A347-27D1-902F-FD1E3F186F01}.Release|Any CPU.Build.0 = Release|Any CPU
		{C69B056B-9CF8-5B2E-0EE6-FCE41922534D}.Debug|Any CPU.ActiveCfg = Debug|Any CPU
		{C69B056B-9CF8-5B2E-0EE6-FCE41922534D}.Debug|Any CPU.Build.0 = Debug|Any CPU
		{C69B056B-9CF8-5B2E-0EE6-FCE41922534D}.Release|Any CPU.ActiveCfg = Release|Any CPU
		{C69B056B-9CF8-5B2E-0EE6-FCE41922534D}.Release|Any CPU.Build.0 = Release|Any CPU
		{86B8289C-1057-4292-98A1-503BF8668FDE}.Debug|Any CPU.ActiveCfg = Debug|Any CPU
		{86B8289C-1057-4292-98A1-503BF8668FDE}.Debug|Any CPU.Build.0 = Debug|Any CPU
		{86B8289C-1057-4292-98A1-503BF8668FDE}.Release|Any CPU.ActiveCfg = Release|Any CPU
		{86B8289C-1057-4292-98A1-503BF8668FDE}.Release|Any CPU.Build.0 = Release|Any CPU
		{C76EFF98-5115-BEED-46BD-ADA67232D792}.Debug|Any CPU.ActiveCfg = Debug|Any CPU
		{C76EFF98-5115-BEED-46BD-ADA67232D792}.Debug|Any CPU.Build.0 = Debug|Any CPU
		{C76EFF98-5115-BEED-46BD-ADA67232D792}.Release|Any CPU.ActiveCfg = Release|Any CPU
		{C76EFF98-5115-BEED-46BD-ADA67232D792}.Release|Any CPU.Build.0 = Release|Any CPU
		{80C6271E-AF91-F3E6-9933-301E0654B860}.Debug|Any CPU.ActiveCfg = Debug|Any CPU
		{80C6271E-AF91-F3E6-9933-301E0654B860}.Debug|Any CPU.Build.0 = Debug|Any CPU
		{80C6271E-AF91-F3E6-9933-301E0654B860}.Release|Any CPU.ActiveCfg = Release|Any CPU
		{80C6271E-AF91-F3E6-9933-301E0654B860}.Release|Any CPU.Build.0 = Release|Any CPU
		{0DA6E3C4-8CDB-F9C4-92AC-79FB63828ADF}.Debug|Any CPU.ActiveCfg = Debug|Any CPU
		{0DA6E3C4-8CDB-F9C4-92AC-79FB63828ADF}.Debug|Any CPU.Build.0 = Debug|Any CPU
		{0DA6E3C4-8CDB-F9C4-92AC-79FB63828ADF}.Release|Any CPU.ActiveCfg = Release|Any CPU
		{0DA6E3C4-8CDB-F9C4-92AC-79FB63828ADF}.Release|Any CPU.Build.0 = Release|Any CPU
		{F19BADDD-1469-B6EA-3932-5FB5BEF6B23A}.Debug|Any CPU.ActiveCfg = Debug|Any CPU
		{F19BADDD-1469-B6EA-3932-5FB5BEF6B23A}.Debug|Any CPU.Build.0 = Debug|Any CPU
		{F19BADDD-1469-B6EA-3932-5FB5BEF6B23A}.Release|Any CPU.ActiveCfg = Release|Any CPU
		{F19BADDD-1469-B6EA-3932-5FB5BEF6B23A}.Release|Any CPU.Build.0 = Release|Any CPU
		{0DD9E481-0A4F-6A9F-51F2-5D5A754CFC6B}.Debug|Any CPU.ActiveCfg = Debug|Any CPU
		{0DD9E481-0A4F-6A9F-51F2-5D5A754CFC6B}.Debug|Any CPU.Build.0 = Debug|Any CPU
		{0DD9E481-0A4F-6A9F-51F2-5D5A754CFC6B}.Release|Any CPU.ActiveCfg = Release|Any CPU
		{0DD9E481-0A4F-6A9F-51F2-5D5A754CFC6B}.Release|Any CPU.Build.0 = Release|Any CPU
		{7C9984C7-BB56-EDC2-6235-EB551F66140D}.Debug|Any CPU.ActiveCfg = Debug|Any CPU
		{7C9984C7-BB56-EDC2-6235-EB551F66140D}.Debug|Any CPU.Build.0 = Debug|Any CPU
		{7C9984C7-BB56-EDC2-6235-EB551F66140D}.Release|Any CPU.ActiveCfg = Release|Any CPU
		{7C9984C7-BB56-EDC2-6235-EB551F66140D}.Release|Any CPU.Build.0 = Release|Any CPU
	EndGlobalSection
	GlobalSection(SolutionProperties) = preSolution
		HideSolutionNode = FALSE
	EndGlobalSection
EndGlobal
